
Microsoft Visual Studio Solution File, Format Version 12.00
# Visual Studio 2012
# SharpDevelop 5.1
VisualStudioVersion = 12.0.20827.3
MinimumVisualStudioVersion = 10.0.40219.1
Project("{FAE04EC0-301F-11D3-BF4B-00C04F79EFBC}") = "Eto.WinFormsCompat", "Eto.WinFormsCompat\Eto.WinFormsCompat.csproj", "{C4972865-F2BB-4937-8729-CE546EB43FD9}"
EndProject
Project("{2150E333-8FDC-42A3-9474-1A3956D46DE8}") = "Demo", "Demo", "{7C3FC3DE-C436-492F-B999-A61D11B507D6}"
EndProject
Project("{FAE04EC0-301F-11D3-BF4B-00C04F79EFBC}") = "WinFormsCompatDemo", "WinFormsCompatDemo\WinFormsCompatDemo.csproj", "{E4BFDC38-82FE-43DB-A769-62FC3274C7DD}"
EndProject
Project("{FAE04EC0-301F-11D3-BF4B-00C04F79EFBC}") = "WinFormsCompatDemo.Designer", "WinFormsCompatDemo.Designer\WinFormsCompatDemo.Designer.csproj", "{7CF761AC-32E6-41A8-94CB-4E614A4DA1D4}"
EndProject
Global
	GlobalSection(SolutionConfigurationPlatforms) = preSolution
		Debug|Any CPU = Debug|Any CPU
		Release|Any CPU = Release|Any CPU
	EndGlobalSection
	GlobalSection(ProjectConfigurationPlatforms) = postSolution
		{C4972865-F2BB-4937-8729-CE546EB43FD9}.Debug|Any CPU.ActiveCfg = Debug|Any CPU
		{C4972865-F2BB-4937-8729-CE546EB43FD9}.Debug|Any CPU.Build.0 = Debug|Any CPU
		{C4972865-F2BB-4937-8729-CE546EB43FD9}.Release|Any CPU.ActiveCfg = Release|Any CPU
		{C4972865-F2BB-4937-8729-CE546EB43FD9}.Release|Any CPU.Build.0 = Release|Any CPU
		{E4BFDC38-82FE-43DB-A769-62FC3274C7DD}.Debug|Any CPU.ActiveCfg = Debug|Any CPU
		{E4BFDC38-82FE-43DB-A769-62FC3274C7DD}.Debug|Any CPU.Build.0 = Debug|Any CPU
		{E4BFDC38-82FE-43DB-A769-62FC3274C7DD}.Release|Any CPU.ActiveCfg = Release|Any CPU
		{E4BFDC38-82FE-43DB-A769-62FC3274C7DD}.Release|Any CPU.Build.0 = Release|Any CPU
		{7CF761AC-32E6-41A8-94CB-4E614A4DA1D4}.Debug|Any CPU.ActiveCfg = Debug|Any CPU
		{7CF761AC-32E6-41A8-94CB-4E614A4DA1D4}.Debug|Any CPU.Build.0 = Debug|Any CPU
		{7CF761AC-32E6-41A8-94CB-4E614A4DA1D4}.Release|Any CPU.ActiveCfg = Release|Any CPU
		{7CF761AC-32E6-41A8-94CB-4E614A4DA1D4}.Release|Any CPU.Build.0 = Release|Any CPU
	EndGlobalSection
	GlobalSection(NestedProjects) = preSolution
		{E4BFDC38-82FE-43DB-A769-62FC3274C7DD} = {7C3FC3DE-C436-492F-B999-A61D11B507D6}
		{7CF761AC-32E6-41A8-94CB-4E614A4DA1D4} = {7C3FC3DE-C436-492F-B999-A61D11B507D6}
	EndGlobalSection
EndGlobal
